
Microsoft Visual Studio Solution File, Format Version 12.00
# Visual Studio Version 16
VisualStudioVersion = 16.0.32413.511
MinimumVisualStudioVersion = 10.0.40219.1
Project("{FAE04EC0-301F-11D3-BF4B-00C04F79EFBC}") = "ExemploApp", "ExemploApp\ExemploApp.csproj", "{53CC3905-5911-416B-83B6-1912515799BB}"
EndProject
Global
	GlobalSection(SolutionConfigurationPlatforms) = preSolution
		Debug|Any CPU = Debug|Any CPU
		Release|Any CPU = Release|Any CPU
	EndGlobalSection
	GlobalSection(ProjectConfigurationPlatforms) = postSolution
		{53CC3905-5911-416B-83B6-1912515799BB}.Debug|Any CPU.ActiveCfg = Debug|Any CPU
		{53CC3905-5911-416B-83B6-1912515799BB}.Debug|Any CPU.Build.0 = Debug|Any CPU
		{53CC3905-5911-416B-83B6-1912515799BB}.Release|Any CPU.ActiveCfg = Release|Any CPU
		{53CC3905-5911-416B-83B6-1912515799BB}.Release|Any CPU.Build.0 = Release|Any CPU
	EndGlobalSection
	GlobalSection(SolutionProperties) = preSolution
		HideSolutionNode = FALSE
	EndGlobalSection
	GlobalSection(ExtensibilityGlobals) = postSolution
		SolutionGuid = {758032F5-729D-4643-B3B4-98FD4F44187D}
	EndGlobalSection
EndGlobal
