
Microsoft Visual Studio Solution File, Format Version 12.00
# Visual Studio Version 16
VisualStudioVersion = 16.0.32413.511
MinimumVisualStudioVersion = 10.0.40219.1
Project("{FAE04EC0-301F-11D3-BF4B-00C04F79EFBC}") = "AgendaApp", "AgendaApp\AgendaApp.csproj", "{1BECB157-76A9-43BE-A3D7-3C60FEA59A51}"
EndProject
Global
	GlobalSection(SolutionConfigurationPlatforms) = preSolution
		Debug|Any CPU = Debug|Any CPU
		Release|Any CPU = Release|Any CPU
	EndGlobalSection
	GlobalSection(ProjectConfigurationPlatforms) = postSolution
		{1BECB157-76A9-43BE-A3D7-3C60FEA59A51}.Debug|Any CPU.ActiveCfg = Debug|Any CPU
		{1BECB157-76A9-43BE-A3D7-3C60FEA59A51}.Debug|Any CPU.Build.0 = Debug|Any CPU
		{1BECB157-76A9-43BE-A3D7-3C60FEA59A51}.Release|Any CPU.ActiveCfg = Release|Any CPU
		{1BECB157-76A9-43BE-A3D7-3C60FEA59A51}.Release|Any CPU.Build.0 = Release|Any CPU
	EndGlobalSection
	GlobalSection(SolutionProperties) = preSolution
		HideSolutionNode = FALSE
	EndGlobalSection
	GlobalSection(ExtensibilityGlobals) = postSolution
		SolutionGuid = {89609D42-9945-417E-A9BF-F6876AD88DD3}
	EndGlobalSection
EndGlobal
